
Microsoft Visual Studio Solution File, Format Version 12.00
# Visual Studio 15
VisualStudioVersion = 15.0.28307.1022
MinimumVisualStudioVersion = 10.0.40219.1
Project("{FAE04EC0-301F-11D3-BF4B-00C04F79EFBC}") = "SportsStore", "SportsStore\SportsStore.csproj", "{3AB0B22B-CBBC-4CDD-873A-FAC09D761548}"
EndProject
Global
	GlobalSection(SolutionConfigurationPlatforms) = preSolution
		Debug|Any CPU = Debug|Any CPU
		Release|Any CPU = Release|Any CPU
	EndGlobalSection
	GlobalSection(ProjectConfigurationPlatforms) = postSolution
		{3AB0B22B-CBBC-4CDD-873A-FAC09D761548}.Debug|Any CPU.ActiveCfg = Debug|Any CPU
		{3AB0B22B-CBBC-4CDD-873A-FAC09D761548}.Debug|Any CPU.Build.0 = Debug|Any CPU
		{3AB0B22B-CBBC-4CDD-873A-FAC09D761548}.Release|Any CPU.ActiveCfg = Release|Any CPU
		{3AB0B22B-CBBC-4CDD-873A-FAC09D761548}.Release|Any CPU.Build.0 = Release|Any CPU
	EndGlobalSection
	GlobalSection(SolutionProperties) = preSolution
		HideSolutionNode = FALSE
	EndGlobalSection
	GlobalSection(ExtensibilityGlobals) = postSolution
		SolutionGuid = {67E592B1-10D2-4B0D-AB0D-D16D5B2A8776}
	EndGlobalSection
EndGlobal
